// !$*UTF8*$!
{
	archiveVersion = 1;
	classes = {
	};
	objectVersion = 46;
	objects = {

/* Begin PBXBuildFile section */
		223027901E59DD3F00EC5DAB /* Object.c in Sources */ = {isa = PBXBuildFile; fileRef = 2230278E1E59DD3F00EC5DAB /* Object.c */; };
		223027931E59EBA400EC5DAB /* Car.c in Sources */ = {isa = PBXBuildFile; fileRef = 223027911E59EBA400EC5DAB /* Car.c */; };
		223027951E59FFB000EC5DAB /* oop_test1.m in Sources */ = {isa = PBXBuildFile; fileRef = 223027941E59FFB000EC5DAB /* oop_test1.m */; };
		223027981E5A0B0D00EC5DAB /* Taxi.c in Sources */ = {isa = PBXBuildFile; fileRef = 223027961E5A0B0D00EC5DAB /* Taxi.c */; };
		22758DFF1E471AED006DB197 /* main.m in Sources */ = {isa = PBXBuildFile; fileRef = 22758DFE1E471AED006DB197 /* main.m */; };
		22758E021E471AED006DB197 /* AppDelegate.m in Sources */ = {isa = PBXBuildFile; fileRef = 22758E011E471AED006DB197 /* AppDelegate.m */; };
		22758E051E471AED006DB197 /* ViewController.m in Sources */ = {isa = PBXBuildFile; fileRef = 22758E041E471AED006DB197 /* ViewController.m */; };
		22758E081E471AED006DB197 /* Main.storyboard in Resources */ = {isa = PBXBuildFile; fileRef = 22758E061E471AED006DB197 /* Main.storyboard */; };
		22758E0A1E471AED006DB197 /* Assets.xcassets in Resources */ = {isa = PBXBuildFile; fileRef = 22758E091E471AED006DB197 /* Assets.xcassets */; };
		22758E0D1E471AED006DB197 /* LaunchScreen.storyboard in Resources */ = {isa = PBXBuildFile; fileRef = 22758E0B1E471AED006DB197 /* LaunchScreen.storyboard */; };
		22758E231E471E3D006DB197 /* sample_macro_test.m in Sources */ = {isa = PBXBuildFile; fileRef = 22758E221E471E3D006DB197 /* sample_macro_test.m */; };
		22758E341E4A37B0006DB197 /* expend_macro1_test.m in Sources */ = {isa = PBXBuildFile; fileRef = 22758E331E4A37B0006DB197 /* expend_macro1_test.m */; };
		22758E361E4B8987006DB197 /* expend_macro2_test.m in Sources */ = {isa = PBXBuildFile; fileRef = 22758E351E4B8987006DB197 /* expend_macro2_test.m */; };
		22758E381E4CA31C006DB197 /* condition_macro_test.m in Sources */ = {isa = PBXBuildFile; fileRef = 22758E371E4CA31C006DB197 /* condition_macro_test.m */; };
		22758E3A1E4DDF3F006DB197 /* macro_big_example_test.m in Sources */ = {isa = PBXBuildFile; fileRef = 22758E391E4DDF3F006DB197 /* macro_big_example_test.m */; };
		2B16629A7B84C8A2CC81D99E /* libPods-ios_black_magic_lesson2.a in Frameworks */ = {isa = PBXBuildFile; fileRef = BAA5EB81D0843AD924ABB5C0 /* libPods-ios_black_magic_lesson2.a */; };
		89C9BD5761FDC9AA3169EBA7 /* libPods-ios_black_magic_lesson2Tests.a in Frameworks */ = {isa = PBXBuildFile; fileRef = 5C2E50E895B29D5A63D817DD /* libPods-ios_black_magic_lesson2Tests.a */; };
/* End PBXBuildFile section */

/* Begin PBXContainerItemProxy section */
		22758E141E471AED006DB197 /* PBXContainerItemProxy */ = {
			isa = PBXContainerItemProxy;
			containerPortal = 22758DF21E471AED006DB197 /* Project object */;
			proxyType = 1;
			remoteGlobalIDString = 22758DF91E471AED006DB197;
			remoteInfo = ios_black_magic_lesson2;
		};
/* End PBXContainerItemProxy section */

/* Begin PBXFileReference section */
		187A58488E3B6C56558569DB /* Pods-ios_black_magic_lesson2.debug.xcconfig */ = {isa = PBXFileReference; includeInIndex = 1; lastKnownFileType = text.xcconfig; name = "Pods-ios_black_magic_lesson2.debug.xcconfig"; path = "Pods/Target Support Files/Pods-ios_black_magic_lesson2/Pods-ios_black_magic_lesson2.debug.xcconfig"; sourceTree = "<group>"; };
		2230278E1E59DD3F00EC5DAB /* Object.c */ = {isa = PBXFileReference; fileEncoding = 4; lastKnownFileType = sourcecode.c.c; path = Object.c; sourceTree = "<group>"; };
		2230278F1E59DD3F00EC5DAB /* Object.h */ = {isa = PBXFileReference; fileEncoding = 4; lastKnownFileType = sourcecode.c.h; path = Object.h; sourceTree = "<group>"; };
		223027911E59EBA400EC5DAB /* Car.c */ = {isa = PBXFileReference; fileEncoding = 4; lastKnownFileType = sourcecode.c.c; path = Car.c; sourceTree = "<group>"; };
		223027921E59EBA400EC5DAB /* Car.h */ = {isa = PBXFileReference; fileEncoding = 4; lastKnownFileType = sourcecode.c.h; path = Car.h; sourceTree = "<group>"; };
		223027941E59FFB000EC5DAB /* oop_test1.m */ = {isa = PBXFileReference; fileEncoding = 4; lastKnownFileType = sourcecode.c.objc; path = oop_test1.m; sourceTree = "<group>"; };
		223027961E5A0B0D00EC5DAB /* Taxi.c */ = {isa = PBXFileReference; fileEncoding = 4; lastKnownFileType = sourcecode.c.c; path = Taxi.c; sourceTree = "<group>"; };
		223027971E5A0B0D00EC5DAB /* Taxi.h */ = {isa = PBXFileReference; fileEncoding = 4; lastKnownFileType = sourcecode.c.h; path = Taxi.h; sourceTree = "<group>"; };
		223027991E5CC07400EC5DAB /* oop_sample_file.c */ = {isa = PBXFileReference; fileEncoding = 4; lastKnownFileType = sourcecode.c.c; path = oop_sample_file.c; sourceTree = "<group>"; };
		2230279B1E5CCAE800EC5DAB /* oop_sample_file.m */ = {isa = PBXFileReference; fileEncoding = 4; lastKnownFileType = sourcecode.c.objc; path = oop_sample_file.m; sourceTree = "<group>"; };
		22758DFA1E471AED006DB197 /* ios_black_magic_lesson2.app */ = {isa = PBXFileReference; explicitFileType = wrapper.application; includeInIndex = 0; path = ios_black_magic_lesson2.app; sourceTree = BUILT_PRODUCTS_DIR; };
		22758DFE1E471AED006DB197 /* main.m */ = {isa = PBXFileReference; lastKnownFileType = sourcecode.c.objc; path = main.m; sourceTree = "<group>"; };
		22758E001E471AED006DB197 /* AppDelegate.h */ = {isa = PBXFileReference; lastKnownFileType = sourcecode.c.h; path = AppDelegate.h; sourceTree = "<group>"; };
		22758E011E471AED006DB197 /* AppDelegate.m */ = {isa = PBXFileReference; lastKnownFileType = sourcecode.c.objc; path = AppDelegate.m; sourceTree = "<group>"; };
		22758E031E471AED006DB197 /* ViewController.h */ = {isa = PBXFileReference; lastKnownFileType = sourcecode.c.h; path = ViewController.h; sourceTree = "<group>"; };
		22758E041E471AED006DB197 /* ViewController.m */ = {isa = PBXFileReference; lastKnownFileType = sourcecode.c.objc; path = ViewController.m; sourceTree = "<group>"; };
		22758E071E471AED006DB197 /* Base */ = {isa = PBXFileReference; lastKnownFileType = file.storyboard; name = Base; path = Base.lproj/Main.storyboard; sourceTree = "<group>"; };
		22758E091E471AED006DB197 /* Assets.xcassets */ = {isa = PBXFileReference; lastKnownFileType = folder.assetcatalog; path = Assets.xcassets; sourceTree = "<group>"; };
		22758E0C1E471AED006DB197 /* Base */ = {isa = PBXFileReference; lastKnownFileType = file.storyboard; name = Base; path = Base.lproj/LaunchScreen.storyboard; sourceTree = "<group>"; };
		22758E0E1E471AED006DB197 /* Info.plist */ = {isa = PBXFileReference; lastKnownFileType = text.plist.xml; path = Info.plist; sourceTree = "<group>"; };
		22758E131E471AED006DB197 /* ios_black_magic_lesson2Tests.xctest */ = {isa = PBXFileReference; explicitFileType = wrapper.cfbundle; includeInIndex = 0; path = ios_black_magic_lesson2Tests.xctest; sourceTree = BUILT_PRODUCTS_DIR; };
		22758E191E471AED006DB197 /* Info.plist */ = {isa = PBXFileReference; lastKnownFileType = text.plist.xml; path = Info.plist; sourceTree = "<group>"; };
		22758E221E471E3D006DB197 /* sample_macro_test.m */ = {isa = PBXFileReference; fileEncoding = 4; lastKnownFileType = sourcecode.c.objc; path = sample_macro_test.m; sourceTree = "<group>"; };
		22758E241E472300006DB197 /* SampleFile.txt */ = {isa = PBXFileReference; fileEncoding = 4; lastKnownFileType = text; path = SampleFile.txt; sourceTree = "<group>"; };
		22758E271E472685006DB197 /* SampleFile2.txt */ = {isa = PBXFileReference; fileEncoding = 4; lastKnownFileType = text; path = SampleFile2.txt; sourceTree = "<group>"; };
		22758E331E4A37B0006DB197 /* expend_macro1_test.m */ = {isa = PBXFileReference; fileEncoding = 4; lastKnownFileType = sourcecode.c.objc; path = expend_macro1_test.m; sourceTree = "<group>"; };
		22758E351E4B8987006DB197 /* expend_macro2_test.m */ = {isa = PBXFileReference; fileEncoding = 4; lastKnownFileType = sourcecode.c.objc; path = expend_macro2_test.m; sourceTree = "<group>"; };
		22758E371E4CA31C006DB197 /* condition_macro_test.m */ = {isa = PBXFileReference; fileEncoding = 4; lastKnownFileType = sourcecode.c.objc; path = condition_macro_test.m; sourceTree = "<group>"; };
		22758E391E4DDF3F006DB197 /* macro_big_example_test.m */ = {isa = PBXFileReference; fileEncoding = 4; lastKnownFileType = sourcecode.c.objc; path = macro_big_example_test.m; sourceTree = "<group>"; };
		5C2E50E895B29D5A63D817DD /* libPods-ios_black_magic_lesson2Tests.a */ = {isa = PBXFileReference; explicitFileType = archive.ar; includeInIndex = 0; path = "libPods-ios_black_magic_lesson2Tests.a"; sourceTree = BUILT_PRODUCTS_DIR; };
		5C7EEF5BDE67151AF98AD6E0 /* Pods-ios_black_magic_lesson2Tests.debug.xcconfig */ = {isa = PBXFileReference; includeInIndex = 1; lastKnownFileType = text.xcconfig; name = "Pods-ios_black_magic_lesson2Tests.debug.xcconfig"; path = "Pods/Target Support Files/Pods-ios_black_magic_lesson2Tests/Pods-ios_black_magic_lesson2Tests.debug.xcconfig"; sourceTree = "<group>"; };
		9FCA1443937567525FC9AADE /* Pods-ios_black_magic_lesson2Tests.release.xcconfig */ = {isa = PBXFileReference; includeInIndex = 1; lastKnownFileType = text.xcconfig; name = "Pods-ios_black_magic_lesson2Tests.release.xcconfig"; path = "Pods/Target Support Files/Pods-ios_black_magic_lesson2Tests/Pods-ios_black_magic_lesson2Tests.release.xcconfig"; sourceTree = "<group>"; };
		B75D934D743F05A0709AC90F /* Pods-ios_black_magic_lesson2.release.xcconfig */ = {isa = PBXFileReference; includeInIndex = 1; lastKnownFileType = text.xcconfig; name = "Pods-ios_black_magic_lesson2.release.xcconfig"; path = "Pods/Target Support Files/Pods-ios_black_magic_lesson2/Pods-ios_black_magic_lesson2.release.xcconfig"; sourceTree = "<group>"; };
		BAA5EB81D0843AD924ABB5C0 /* libPods-ios_black_magic_lesson2.a */ = {isa = PBXFileReference; explicitFileType = archive.ar; includeInIndex = 0; path = "libPods-ios_black_magic_lesson2.a"; sourceTree = BUILT_PRODUCTS_DIR; };
/* End PBXFileReference section */

/* Begin PBXFrameworksBuildPhase section */
		22758DF71E471AED006DB197 /* Frameworks */ = {
			isa = PBXFrameworksBuildPhase;
			buildActionMask = 2147483647;
			files = (
				2B16629A7B84C8A2CC81D99E /* libPods-ios_black_magic_lesson2.a in Frameworks */,
			);
			runOnlyForDeploymentPostprocessing = 0;
		};
		22758E101E471AED006DB197 /* Frameworks */ = {
			isa = PBXFrameworksBuildPhase;
			buildActionMask = 2147483647;
			files = (
				89C9BD5761FDC9AA3169EBA7 /* libPods-ios_black_magic_lesson2Tests.a in Frameworks */,
			);
			runOnlyForDeploymentPostprocessing = 0;
		};
/* End PBXFrameworksBuildPhase section */

/* Begin PBXGroup section */
		2230278D1E59DD0600EC5DAB /* oop_with_c */ = {
			isa = PBXGroup;
			children = (
				2230278E1E59DD3F00EC5DAB /* Object.c */,
				2230278F1E59DD3F00EC5DAB /* Object.h */,
				223027911E59EBA400EC5DAB /* Car.c */,
				223027921E59EBA400EC5DAB /* Car.h */,
				223027961E5A0B0D00EC5DAB /* Taxi.c */,
				223027971E5A0B0D00EC5DAB /* Taxi.h */,
			);
			name = oop_with_c;
			path = oop_with_c1;
			sourceTree = "<group>";
		};
		22758DF11E471AED006DB197 = {
			isa = PBXGroup;
			children = (
				22758DFC1E471AED006DB197 /* ios_black_magic_lesson2 */,
				22758E161E471AED006DB197 /* ios_black_magic_lesson2Tests */,
				22758DFB1E471AED006DB197 /* Products */,
				912AD7243A752DA6BEC1665C /* Pods */,
				283DEF4942D4D9F7F288DF76 /* Frameworks */,
			);
			sourceTree = "<group>";
		};
		22758DFB1E471AED006DB197 /* Products */ = {
			isa = PBXGroup;
			children = (
				22758DFA1E471AED006DB197 /* ios_black_magic_lesson2.app */,
				22758E131E471AED006DB197 /* ios_black_magic_lesson2Tests.xctest */,
			);
			name = Products;
			sourceTree = "<group>";
		};
		22758DFC1E471AED006DB197 /* ios_black_magic_lesson2 */ = {
			isa = PBXGroup;
			children = (
				2230278D1E59DD0600EC5DAB /* oop_with_c */,
				22758E001E471AED006DB197 /* AppDelegate.h */,
				22758E011E471AED006DB197 /* AppDelegate.m */,
				22758E031E471AED006DB197 /* ViewController.h */,
				22758E041E471AED006DB197 /* ViewController.m */,
				22758E061E471AED006DB197 /* Main.storyboard */,
				22758E091E471AED006DB197 /* Assets.xcassets */,
				22758E0B1E471AED006DB197 /* LaunchScreen.storyboard */,
				22758E0E1E471AED006DB197 /* Info.plist */,
				22758DFD1E471AED006DB197 /* Supporting Files */,
				223027991E5CC07400EC5DAB /* oop_sample_file.c */,
				2230279B1E5CCAE800EC5DAB /* oop_sample_file.m */,
			);
			path = ios_black_magic_lesson2;
			sourceTree = "<group>";
		};
		22758DFD1E471AED006DB197 /* Supporting Files */ = {
			isa = PBXGroup;
			children = (
				22758DFE1E471AED006DB197 /* main.m */,
			);
			name = "Supporting Files";
			sourceTree = "<group>";
		};
		22758E161E471AED006DB197 /* ios_black_magic_lesson2Tests */ = {
			isa = PBXGroup;
			children = (
				22758E191E471AED006DB197 /* Info.plist */,
				22758E241E472300006DB197 /* SampleFile.txt */,
				22758E271E472685006DB197 /* SampleFile2.txt */,
				22758E221E471E3D006DB197 /* sample_macro_test.m */,
				22758E331E4A37B0006DB197 /* expend_macro1_test.m */,
				22758E351E4B8987006DB197 /* expend_macro2_test.m */,
				22758E371E4CA31C006DB197 /* condition_macro_test.m */,
				22758E391E4DDF3F006DB197 /* macro_big_example_test.m */,
				223027941E59FFB000EC5DAB /* oop_test1.m */,
			);
			path = ios_black_magic_lesson2Tests;
			sourceTree = "<group>";
		};
		283DEF4942D4D9F7F288DF76 /* Frameworks */ = {
			isa = PBXGroup;
			children = (
				BAA5EB81D0843AD924ABB5C0 /* libPods-ios_black_magic_lesson2.a */,
				5C2E50E895B29D5A63D817DD /* libPods-ios_black_magic_lesson2Tests.a */,
			);
			name = Frameworks;
			sourceTree = "<group>";
		};
		912AD7243A752DA6BEC1665C /* Pods */ = {
			isa = PBXGroup;
			children = (
				187A58488E3B6C56558569DB /* Pods-ios_black_magic_lesson2.debug.xcconfig */,
				B75D934D743F05A0709AC90F /* Pods-ios_black_magic_lesson2.release.xcconfig */,
				5C7EEF5BDE67151AF98AD6E0 /* Pods-ios_black_magic_lesson2Tests.debug.xcconfig */,
				9FCA1443937567525FC9AADE /* Pods-ios_black_magic_lesson2Tests.release.xcconfig */,
			);
			name = Pods;
			sourceTree = "<group>";
		};
/* End PBXGroup section */

/* Begin PBXNativeTarget section */
		22758DF91E471AED006DB197 /* ios_black_magic_lesson2 */ = {
			isa = PBXNativeTarget;
			buildConfigurationList = 22758E1C1E471AED006DB197 /* Build configuration list for PBXNativeTarget "ios_black_magic_lesson2" */;
			buildPhases = (
				C9CC1F3560A9A0F3FE442870 /* [CP] Check Pods Manifest.lock */,
				22758DF61E471AED006DB197 /* Sources */,
				22758DF71E471AED006DB197 /* Frameworks */,
				22758DF81E471AED006DB197 /* Resources */,
				90161D1751355DEF2EFE9DE9 /* [CP] Embed Pods Frameworks */,
				2A1B07A2560C9D08DA75CF39 /* [CP] Copy Pods Resources */,
			);
			buildRules = (
			);
			dependencies = (
			);
			name = ios_black_magic_lesson2;
			productName = ios_black_magic_lesson2;
			productReference = 22758DFA1E471AED006DB197 /* ios_black_magic_lesson2.app */;
			productType = "com.apple.product-type.application";
		};
		22758E121E471AED006DB197 /* ios_black_magic_lesson2Tests */ = {
			isa = PBXNativeTarget;
			buildConfigurationList = 22758E1F1E471AED006DB197 /* Build configuration list for PBXNativeTarget "ios_black_magic_lesson2Tests" */;
			buildPhases = (
				DA472714F2E6DE5BB13A21E9 /* [CP] Check Pods Manifest.lock */,
				22758E0F1E471AED006DB197 /* Sources */,
				22758E101E471AED006DB197 /* Frameworks */,
				22758E111E471AED006DB197 /* Resources */,
				BD8B6DB84C5F0C913A6AA9B9 /* [CP] Embed Pods Frameworks */,
				D4BA585F78AF2B3D24405338 /* [CP] Copy Pods Resources */,
			);
			buildRules = (
			);
			dependencies = (
				22758E151E471AED006DB197 /* PBXTargetDependency */,
			);
			name = ios_black_magic_lesson2Tests;
			productName = ios_black_magic_lesson2Tests;
			productReference = 22758E131E471AED006DB197 /* ios_black_magic_lesson2Tests.xctest */;
			productType = "com.apple.product-type.bundle.unit-test";
		};
/* End PBXNativeTarget section */

/* Begin PBXProject section */
		22758DF21E471AED006DB197 /* Project object */ = {
			isa = PBXProject;
			attributes = {
				LastUpgradeCheck = 0820;
				ORGANIZATIONNAME = "Chengwei Zang";
				TargetAttributes = {
					22758DF91E471AED006DB197 = {
						CreatedOnToolsVersion = 8.2.1;
						ProvisioningStyle = Automatic;
					};
					22758E121E471AED006DB197 = {
						CreatedOnToolsVersion = 8.2.1;
						ProvisioningStyle = Automatic;
						TestTargetID = 22758DF91E471AED006DB197;
					};
				};
			};
			buildConfigurationList = 22758DF51E471AED006DB197 /* Build configuration list for PBXProject "ios_black_magic_lesson2" */;
			compatibilityVersion = "Xcode 3.2";
			developmentRegion = English;
			hasScannedForEncodings = 0;
			knownRegions = (
				en,
				Base,
			);
			mainGroup = 22758DF11E471AED006DB197;
			productRefGroup = 22758DFB1E471AED006DB197 /* Products */;
			projectDirPath = "";
			projectRoot = "";
			targets = (
				22758DF91E471AED006DB197 /* ios_black_magic_lesson2 */,
				22758E121E471AED006DB197 /* ios_black_magic_lesson2Tests */,
			);
		};
/* End PBXProject section */

/* Begin PBXResourcesBuildPhase section */
		22758DF81E471AED006DB197 /* Resources */ = {
			isa = PBXResourcesBuildPhase;
			buildActionMask = 2147483647;
			files = (
				22758E0D1E471AED006DB197 /* LaunchScreen.storyboard in Resources */,
				22758E0A1E471AED006DB197 /* Assets.xcassets in Resources */,
				22758E081E471AED006DB197 /* Main.storyboard in Resources */,
			);
			runOnlyForDeploymentPostprocessing = 0;
		};
		22758E111E471AED006DB197 /* Resources */ = {
			isa = PBXResourcesBuildPhase;
			buildActionMask = 2147483647;
			files = (
			);
			runOnlyForDeploymentPostprocessing = 0;
		};
/* End PBXResourcesBuildPhase section */

/* Begin PBXShellScriptBuildPhase section */
		2A1B07A2560C9D08DA75CF39 /* [CP] Copy Pods Resources */ = {
			isa = PBXShellScriptBuildPhase;
			buildActionMask = 2147483647;
			files = (
			);
			inputPaths = (
			);
			name = "[CP] Copy Pods Resources";
			outputPaths = (
			);
			runOnlyForDeploymentPostprocessing = 0;
			shellPath = /bin/sh;
			shellScript = "\"${SRCROOT}/Pods/Target Support Files/Pods-ios_black_magic_lesson2/Pods-ios_black_magic_lesson2-resources.sh\"\n";
			showEnvVarsInLog = 0;
		};
		90161D1751355DEF2EFE9DE9 /* [CP] Embed Pods Frameworks */ = {
			isa = PBXShellScriptBuildPhase;
			buildActionMask = 2147483647;
			files = (
			);
			inputPaths = (
			);
			name = "[CP] Embed Pods Frameworks";
			outputPaths = (
			);
			runOnlyForDeploymentPostprocessing = 0;
			shellPath = /bin/sh;
			shellScript = "\"${SRCROOT}/Pods/Target Support Files/Pods-ios_black_magic_lesson2/Pods-ios_black_magic_lesson2-frameworks.sh\"\n";
			showEnvVarsInLog = 0;
		};
		BD8B6DB84C5F0C913A6AA9B9 /* [CP] Embed Pods Frameworks */ = {
			isa = PBXShellScriptBuildPhase;
			buildActionMask = 2147483647;
			files = (
			);
			inputPaths = (
			);
			name = "[CP] Embed Pods Frameworks";
			outputPaths = (
			);
			runOnlyForDeploymentPostprocessing = 0;
			shellPath = /bin/sh;
			shellScript = "\"${SRCROOT}/Pods/Target Support Files/Pods-ios_black_magic_lesson2Tests/Pods-ios_black_magic_lesson2Tests-frameworks.sh\"\n";
			showEnvVarsInLog = 0;
		};
		C9CC1F3560A9A0F3FE442870 /* [CP] Check Pods Manifest.lock */ = {
			isa = PBXShellScriptBuildPhase;
			buildActionMask = 2147483647;
			files = (
			);
			inputPaths = (
			);
			name = "[CP] Check Pods Manifest.lock";
			outputPaths = (
			);
			runOnlyForDeploymentPostprocessing = 0;
			shellPath = /bin/sh;
			shellScript = "diff \"${PODS_ROOT}/../Podfile.lock\" \"${PODS_ROOT}/Manifest.lock\" > /dev/null\nif [ $? != 0 ] ; then\n    # print error to STDERR\n    echo \"error: The sandbox is not in sync with the Podfile.lock. Run 'pod install' or update your CocoaPods installation.\" >&2\n    exit 1\nfi\n";
			showEnvVarsInLog = 0;
		};
		D4BA585F78AF2B3D24405338 /* [CP] Copy Pods Resources */ = {
			isa = PBXShellScriptBuildPhase;
			buildActionMask = 2147483647;
			files = (
			);
			inputPaths = (
			);
			name = "[CP] Copy Pods Resources";
			outputPaths = (
			);
			runOnlyForDeploymentPostprocessing = 0;
			shellPath = /bin/sh;
			shellScript = "\"${SRCROOT}/Pods/Target Support Files/Pods-ios_black_magic_lesson2Tests/Pods-ios_black_magic_lesson2Tests-resources.sh\"\n";
			showEnvVarsInLog = 0;
		};
		DA472714F2E6DE5BB13A21E9 /* [CP] Check Pods Manifest.lock */ = {
			isa = PBXShellScriptBuildPhase;
			buildActionMask = 2147483647;
			files = (
			);
			inputPaths = (
			);
			name = "[CP] Check Pods Manifest.lock";
			outputPaths = (
			);
			runOnlyForDeploymentPostprocessing = 0;
			shellPath = /bin/sh;
			shellScript = "diff \"${PODS_ROOT}/../Podfile.lock\" \"${PODS_ROOT}/Manifest.lock\" > /dev/null\nif [ $? != 0 ] ; then\n    # print error to STDERR\n    echo \"error: The sandbox is not in sync with the Podfile.lock. Run 'pod install' or update your CocoaPods installation.\" >&2\n    exit 1\nfi\n";
			showEnvVarsInLog = 0;
		};
/* End PBXShellScriptBuildPhase section */

/* Begin PBXSourcesBuildPhase section */
		22758DF61E471AED006DB197 /* Sources */ = {
			isa = PBXSourcesBuildPhase;
			buildActionMask = 2147483647;
			files = (
				223027931E59EBA400EC5DAB /* Car.c in Sources */,
				22758E051E471AED006DB197 /* ViewController.m in Sources */,
				22758E021E471AED006DB197 /* AppDelegate.m in Sources */,
				223027981E5A0B0D00EC5DAB /* Taxi.c in Sources */,
				223027901E59DD3F00EC5DAB /* Object.c in Sources */,
				22758DFF1E471AED006DB197 /* main.m in Sources */,
			);
			runOnlyForDeploymentPostprocessing = 0;
		};
		22758E0F1E471AED006DB197 /* Sources */ = {
			isa = PBXSourcesBuildPhase;
			buildActionMask = 2147483647;
			files = (
				223027951E59FFB000EC5DAB /* oop_test1.m in Sources */,
				22758E381E4CA31C006DB197 /* condition_macro_test.m in Sources */,
				22758E3A1E4DDF3F006DB197 /* macro_big_example_test.m in Sources */,
				22758E341E4A37B0006DB197 /* expend_macro1_test.m in Sources */,
				22758E361E4B8987006DB197 /* expend_macro2_test.m in Sources */,
				22758E231E471E3D006DB197 /* sample_macro_test.m in Sources */,
			);
			runOnlyForDeploymentPostprocessing = 0;
		};
/* End PBXSourcesBuildPhase section */

/* Begin PBXTargetDependency section */
		22758E151E471AED006DB197 /* PBXTargetDependency */ = {
			isa = PBXTargetDependency;
			target = 22758DF91E471AED006DB197 /* ios_black_magic_lesson2 */;
			targetProxy = 22758E141E471AED006DB197 /* PBXContainerItemProxy */;
		};
/* End PBXTargetDependency section */

/* Begin PBXVariantGroup section */
		22758E061E471AED006DB197 /* Main.storyboard */ = {
			isa = PBXVariantGroup;
			children = (
				22758E071E471AED006DB197 /* Base */,
			);
			name = Main.storyboard;
			sourceTree = "<group>";
		};
		22758E0B1E471AED006DB197 /* LaunchScreen.storyboard */ = {
			isa = PBXVariantGroup;
			children = (
				22758E0C1E471AED006DB197 /* Base */,
			);
			name = LaunchScreen.storyboard;
			sourceTree = "<group>";
		};
/* End PBXVariantGroup section */

/* Begin XCBuildConfiguration section */
		22758E1A1E471AED006DB197 /* Debug */ = {
			isa = XCBuildConfiguration;
			buildSettings = {
				ALWAYS_SEARCH_USER_PATHS = NO;
				CLANG_ANALYZER_NONNULL = YES;
				CLANG_CXX_LANGUAGE_STANDARD = "gnu++0x";
				CLANG_CXX_LIBRARY = "libc++";
				CLANG_ENABLE_MODULES = YES;
				CLANG_ENABLE_OBJC_ARC = YES;
				CLANG_WARN_BOOL_CONVERSION = YES;
				CLANG_WARN_CONSTANT_CONVERSION = YES;
				CLANG_WARN_DIRECT_OBJC_ISA_USAGE = YES_ERROR;
				CLANG_WARN_DOCUMENTATION_COMMENTS = YES;
				CLANG_WARN_EMPTY_BODY = YES;
				CLANG_WARN_ENUM_CONVERSION = YES;
				CLANG_WARN_INFINITE_RECURSION = YES;
				CLANG_WARN_INT_CONVERSION = YES;
				CLANG_WARN_OBJC_ROOT_CLASS = YES_ERROR;
				CLANG_WARN_SUSPICIOUS_MOVE = YES;
				CLANG_WARN_UNREACHABLE_CODE = YES;
				CLANG_WARN__DUPLICATE_METHOD_MATCH = YES;
				"CODE_SIGN_IDENTITY[sdk=iphoneos*]" = "iPhone Developer";
				COPY_PHASE_STRIP = NO;
				DEBUG_INFORMATION_FORMAT = dwarf;
				ENABLE_STRICT_OBJC_MSGSEND = YES;
				ENABLE_TESTABILITY = YES;
				GCC_C_LANGUAGE_STANDARD = gnu99;
				GCC_DYNAMIC_NO_PIC = NO;
				GCC_NO_COMMON_BLOCKS = YES;
				GCC_OPTIMIZATION_LEVEL = 0;
				GCC_PREPROCESSOR_DEFINITIONS = (
					"DEBUG=1",
					"$(inherited)",
				);
				GCC_WARN_64_TO_32_BIT_CONVERSION = YES;
				GCC_WARN_ABOUT_RETURN_TYPE = YES_ERROR;
				GCC_WARN_UNDECLARED_SELECTOR = YES;
				GCC_WARN_UNINITIALIZED_AUTOS = YES_AGGRESSIVE;
				GCC_WARN_UNUSED_FUNCTION = YES;
				GCC_WARN_UNUSED_VARIABLE = YES;
				IPHONEOS_DEPLOYMENT_TARGET = 8.0;
				MTL_ENABLE_DEBUG_INFO = YES;
				ONLY_ACTIVE_ARCH = YES;
				SDKROOT = iphoneos;
			};
			name = Debug;
		};
		22758E1B1E471AED006DB197 /* Release */ = {
			isa = XCBuildConfiguration;
			buildSettings = {
				ALWAYS_SEARCH_USER_PATHS = NO;
				CLANG_ANALYZER_NONNULL = YES;
				CLANG_CXX_LANGUAGE_STANDARD = "gnu++0x";
				CLANG_CXX_LIBRARY = "libc++";
				CLANG_ENABLE_MODULES = YES;
				CLANG_ENABLE_OBJC_ARC = YES;
				CLANG_WARN_BOOL_CONVERSION = YES;
				CLANG_WARN_CONSTANT_CONVERSION = YES;
				CLANG_WARN_DIRECT_OBJC_ISA_USAGE = YES_ERROR;
				CLANG_WARN_DOCUMENTATION_COMMENTS = YES;
				CLANG_WARN_EMPTY_BODY = YES;
				CLANG_WARN_ENUM_CONVERSION = YES;
				CLANG_WARN_INFINITE_RECURSION = YES;
				CLANG_WARN_INT_CONVERSION = YES;
				CLANG_WARN_OBJC_ROOT_CLASS = YES_ERROR;
				CLANG_WARN_SUSPICIOUS_MOVE = YES;
				CLANG_WARN_UNREACHABLE_CODE = YES;
				CLANG_WARN__DUPLICATE_METHOD_MATCH = YES;
				"CODE_SIGN_IDENTITY[sdk=iphoneos*]" = "iPhone Developer";
				COPY_PHASE_STRIP = NO;
				DEBUG_INFORMATION_FORMAT = "dwarf-with-dsym";
				ENABLE_NS_ASSERTIONS = NO;
				ENABLE_STRICT_OBJC_MSGSEND = YES;
				GCC_C_LANGUAGE_STANDARD = gnu99;
				GCC_NO_COMMON_BLOCKS = YES;
				GCC_WARN_64_TO_32_BIT_CONVERSION = YES;
				GCC_WARN_ABOUT_RETURN_TYPE = YES_ERROR;
				GCC_WARN_UNDECLARED_SELECTOR = YES;
				GCC_WARN_UNINITIALIZED_AUTOS = YES_AGGRESSIVE;
				GCC_WARN_UNUSED_FUNCTION = YES;
				GCC_WARN_UNUSED_VARIABLE = YES;
				IPHONEOS_DEPLOYMENT_TARGET = 8.0;
				MTL_ENABLE_DEBUG_INFO = NO;
				SDKROOT = iphoneos;
				VALIDATE_PRODUCT = YES;
			};
			name = Release;
		};
		22758E1D1E471AED006DB197 /* Debug */ = {
			isa = XCBuildConfiguration;
			baseConfigurationReference = 187A58488E3B6C56558569DB /* Pods-ios_black_magic_lesson2.debug.xcconfig */;
			buildSettings = {
				ASSETCATALOG_COMPILER_APPICON_NAME = AppIcon;
				INFOPLIST_FILE = ios_black_magic_lesson2/Info.plist;
				LD_RUNPATH_SEARCH_PATHS = "$(inherited) @executable_path/Frameworks";
				PRODUCT_BUNDLE_IDENTIFIER = "com.williamzang.ios-black-magic-lesson2";
				PRODUCT_NAME = "$(TARGET_NAME)";
			};
			name = Debug;
		};
		22758E1E1E471AED006DB197 /* Release */ = {
			isa = XCBuildConfiguration;
			baseConfigurationReference = B75D934D743F05A0709AC90F /* Pods-ios_black_magic_lesson2.release.xcconfig */;
			buildSettings = {
				ASSETCATALOG_COMPILER_APPICON_NAME = AppIcon;
				INFOPLIST_FILE = ios_black_magic_lesson2/Info.plist;
				LD_RUNPATH_SEARCH_PATHS = "$(inherited) @executable_path/Frameworks";
				PRODUCT_BUNDLE_IDENTIFIER = "com.williamzang.ios-black-magic-lesson2";
				PRODUCT_NAME = "$(TARGET_NAME)";
			};
			name = Release;
		};
		22758E201E471AED006DB197 /* Debug */ = {
			isa = XCBuildConfiguration;
			baseConfigurationReference = 5C7EEF5BDE67151AF98AD6E0 /* Pods-ios_black_magic_lesson2Tests.debug.xcconfig */;
			buildSettings = {
				BUNDLE_LOADER = "$(TEST_HOST)";
				GCC_PREPROCESSOR_DEFINITIONS = "$(inherited)";
				"GCC_PREPROCESSOR_DEFINITIONS[sdk=iphoneos*]" = (
					"$(inherited)",
					"MY_MACRO=1",
				);
				"GCC_PREPROCESSOR_DEFINITIONS[sdk=iphonesimulator*]" = (
					"$(inherited)",
					"MY_MACRO=2",
				);
				INFOPLIST_FILE = ios_black_magic_lesson2Tests/Info.plist;
				LD_RUNPATH_SEARCH_PATHS = "$(inherited) @executable_path/Frameworks @loader_path/Frameworks";
				PRODUCT_BUNDLE_IDENTIFIER = "com.williamzang.ios-black-magic-lesson2Tests";
				PRODUCT_NAME = "$(TARGET_NAME)";
				TEST_HOST = "$(BUILT_PRODUCTS_DIR)/ios_black_magic_lesson2.app/ios_black_magic_lesson2";
			};
			name = Debug;
		};
		22758E211E471AED006DB197 /* Release */ = {
			isa = XCBuildConfiguration;
			baseConfigurationReference = 9FCA1443937567525FC9AADE /* Pods-ios_black_magic_lesson2Tests.release.xcconfig */;
			buildSettings = {
				BUNDLE_LOADER = "$(TEST_HOST)";
				GCC_PREPROCESSOR_DEFINITIONS = (
					"$(inherited)",
					"MY_MACRO=3",
				);
				INFOPLIST_FILE = ios_black_magic_lesson2Tests/Info.plist;
				LD_RUNPATH_SEARCH_PATHS = "$(inherited) @executable_path/Frameworks @loader_path/Frameworks";
				PRODUCT_BUNDLE_IDENTIFIER = "com.williamzang.ios-black-magic-lesson2Tests";
				PRODUCT_NAME = "$(TARGET_NAME)";
				TEST_HOST = "$(BUILT_PRODUCTS_DIR)/ios_black_magic_lesson2.app/ios_black_magic_lesson2";
			};
			name = Release;
		};
/* End XCBuildConfiguration section */

/* Begin XCConfigurationList section */
		22758DF51E471AED006DB197 /* Build configuration list for PBXProject "ios_black_magic_lesson2" */ = {
			isa = XCConfigurationList;
			buildConfigurations = (
				22758E1A1E471AED006DB197 /* Debug */,
				22758E1B1E471AED006DB197 /* Release */,
			);
			defaultConfigurationIsVisible = 0;
			defaultConfigurationName = Release;
		};
		22758E1C1E471AED006DB197 /* Build configuration list for PBXNativeTarget "ios_black_magic_lesson2" */ = {
			isa = XCConfigurationList;
			buildConfigurations = (
				22758E1D1E471AED006DB197 /* Debug */,
				22758E1E1E471AED006DB197 /* Release */,
			);
			defaultConfigurationIsVisible = 0;
			defaultConfigurationName = Release;
		};
		22758E1F1E471AED006DB197 /* Build configuration list for PBXNativeTarget "ios_black_magic_lesson2Tests" */ = {
			isa = XCConfigurationList;
			buildConfigurations = (
				22758E201E471AED006DB197 /* Debug */,
				22758E211E471AED006DB197 /* Release */,
			);
			defaultConfigurationIsVisible = 0;
			defaultConfigurationName = Release;
		};
/* End XCConfigurationList section */
	};
	rootObject = 22758DF21E471AED006DB197 /* Project object */;
}
